
Microsoft Visual Studio Solution File, Format Version 12.00
# Visual Studio 2012
Project("{FAE04EC0-301F-11D3-BF4B-00C04F79EFBC}") = "ConsoleApplication", "ConsoleApplication\ConsoleApplication.csproj", "{7148DA2F-6B46-4A31-A8B7-BE9F6BEAAE97}"
EndProject
Project("{2150E333-8FDC-42A3-9474-1A3956D46DE8}") = ".transform", ".transform", "{10DEB0D8-FD4F-4613-92D9-0D886F4FD98D}"
	ProjectSection(SolutionItems) = preProject
		..\build\AppConfigTransform.props = ..\build\AppConfigTransform.props
		..\build\AppConfigTransform.targets = ..\build\AppConfigTransform.targets
	EndProjectSection
EndProject
Global
	GlobalSection(SolutionConfigurationPlatforms) = preSolution
		Debug|Any CPU = Debug|Any CPU
		Release|Any CPU = Release|Any CPU
	EndGlobalSection
	GlobalSection(ProjectConfigurationPlatforms) = postSolution
		{7148DA2F-6B46-4A31-A8B7-BE9F6BEAAE97}.Debug|Any CPU.ActiveCfg = Debug|Any CPU
		{7148DA2F-6B46-4A31-A8B7-BE9F6BEAAE97}.Debug|Any CPU.Build.0 = Debug|Any CPU
		{7148DA2F-6B46-4A31-A8B7-BE9F6BEAAE97}.Release|Any CPU.ActiveCfg = Release|Any CPU
		{7148DA2F-6B46-4A31-A8B7-BE9F6BEAAE97}.Release|Any CPU.Build.0 = Release|Any CPU
	EndGlobalSection
	GlobalSection(SolutionProperties) = preSolution
		HideSolutionNode = FALSE
	EndGlobalSection
EndGlobal
